// !$*UTF8*$!
{
	archiveVersion = 1;
	classes = {
	};
	objectVersion = 46;
	objects = {

/* Begin PBXBuildFile section */
		5699364C172FB2C300596B91 /* main.c in Sources */ = {isa = PBXBuildFile; fileRef = 5699364B172FB2C300596B91 /* main.c */; };
		5699364E172FB2C300596B91 /* C_Stack.1 in CopyFiles */ = {isa = PBXBuildFile; fileRef = 5699364D172FB2C300596B91 /* C_Stack.1 */; };
/* End PBXBuildFile section */

/* Begin PBXCopyFilesBuildPhase section */
		56993646172FB2C300596B91 /* CopyFiles */ = {
			isa = PBXCopyFilesBuildPhase;
			buildActionMask = 2147483647;
			dstPath = /usr/share/man/man1/;
			dstSubfolderSpec = 0;
			files = (
				5699364E172FB2C300596B91 /* C_Stack.1 in CopyFiles */,
			);
			runOnlyForDeploymentPostprocessing = 1;
		};
/* End PBXCopyFilesBuildPhase section */

/* Begin PBXFileReference section */
		56993648172FB2C300596B91 /* C_Stack */ = {isa = PBXFileReference; explicitFileType = "compiled.mach-o.executable"; includeInIndex = 0; path = C_Stack; sourceTree = BUILT_PRODUCTS_DIR; };
		5699364B172FB2C300596B91 /* main.c */ = {isa = PBXFileReference; lastKnownFileType = sourcecode.c.c; path = main.c; sourceTree = "<group>"; };
		5699364D172FB2C300596B91 /* C_Stack.1 */ = {isa = PBXFileReference; lastKnownFileType = text.man; path = C_Stack.1; sourceTree = "<group>"; };
/* End PBXFileReference section */

/* Begin PBXFrameworksBuildPhase section */
		56993645172FB2C300596B91 /* Frameworks */ = {
			isa = PBXFrameworksBuildPhase;
			buildActionMask = 2147483647;
			files = (
			);
			runOnlyForDeploymentPostprocessing = 0;
		};
/* End PBXFrameworksBuildPhase section */

/* Begin PBXGroup section */
		5699363F172FB2C300596B91 = {
			isa = PBXGroup;
			children = (
				5699364A172FB2C300596B91 /* C_Stack */,
				56993649172FB2C300596B91 /* Products */,
			);
			sourceTree = "<group>";
		};
		56993649172FB2C300596B91 /* Products */ = {
			isa = PBXGroup;
			children = (
				56993648172FB2C300596B91 /* C_Stack */,
			);
			name = Products;
			sourceTree = "<group>";
		};
		5699364A172FB2C300596B91 /* C_Stack */ = {
			isa = PBXGroup;
			children = (
				5699364B172FB2C300596B91 /* main.c */,
				5699364D172FB2C300596B91 /* C_Stack.1 */,
			);
			path = C_Stack;
			sourceTree = "<group>";
		};
/* End PBXGroup section */

/* Begin PBXNativeTarget section */
		56993647172FB2C300596B91 /* C_Stack */ = {
			isa = PBXNativeTarget;
			buildConfigurationList = 56993651172FB2C300596B91 /* Build configuration list for PBXNativeTarget "C_Stack" */;
			buildPhases = (
				56993644172FB2C300596B91 /* Sources */,
				56993645172FB2C300596B91 /* Frameworks */,
				56993646172FB2C300596B91 /* CopyFiles */,
			);
			buildRules = (
			);
			dependencies = (
			);
			name = C_Stack;
			productName = C_Stack;
			productReference = 56993648172FB2C300596B91 /* C_Stack */;
			productType = "com.apple.product-type.tool";
		};
/* End PBXNativeTarget section */

/* Begin PBXProject section */
		56993640172FB2C300596B91 /* Project object */ = {
			isa = PBXProject;
			attributes = {
				LastUpgradeCheck = 0460;
				ORGANIZATIONNAME = "Oguzhan Gungor";
			};
			buildConfigurationList = 56993643172FB2C300596B91 /* Build configuration list for PBXProject "C_Stack" */;
			compatibilityVersion = "Xcode 3.2";
			developmentRegion = English;
			hasScannedForEncodings = 0;
			knownRegions = (
				en,
			);
			mainGroup = 5699363F172FB2C300596B91;
			productRefGroup = 56993649172FB2C300596B91 /* Products */;
			projectDirPath = "";
			projectRoot = "";
			targets = (
				56993647172FB2C300596B91 /* C_Stack */,
			);
		};
/* End PBXProject section */

/* Begin PBXSourcesBuildPhase section */
		56993644172FB2C300596B91 /* Sources */ = {
			isa = PBXSourcesBuildPhase;
			buildActionMask = 2147483647;
			files = (
				5699364C172FB2C300596B91 /* main.c in Sources */,
			);
			runOnlyForDeploymentPostprocessing = 0;
		};
/* End PBXSourcesBuildPhase section */

/* Begin XCBuildConfiguration section */
		5699364F172FB2C300596B91 /* Debug */ = {
			isa = XCBuildConfiguration;
			buildSettings = {
				ALWAYS_SEARCH_USER_PATHS = NO;
				ARCHS = "$(ARCHS_STANDARD_64_BIT)";
				CLANG_CXX_LANGUAGE_STANDARD = "gnu++0x";
				CLANG_CXX_LIBRARY = "libc++";
				CLANG_WARN_CONSTANT_CONVERSION = YES;
				CLANG_WARN_EMPTY_BODY = YES;
				CLANG_WARN_ENUM_CONVERSION = YES;
				CLANG_WARN_INT_CONVERSION = YES;
				CLANG_WARN__DUPLICATE_METHOD_MATCH = YES;
				COPY_PHASE_STRIP = NO;
				GCC_C_LANGUAGE_STANDARD = gnu99;
				GCC_DYNAMIC_NO_PIC = NO;
				GCC_ENABLE_OBJC_EXCEPTIONS = YES;
				GCC_OPTIMIZATION_LEVEL = 0;
				GCC_PREPROCESSOR_DEFINITIONS = (
					"DEBUG=1",
					"$(inherited)",
				);
				GCC_SYMBOLS_PRIVATE_EXTERN = NO;
				GCC_WARN_64_TO_32_BIT_CONVERSION = YES;
				GCC_WARN_ABOUT_RETURN_TYPE = YES;
				GCC_WARN_UNINITIALIZED_AUTOS = YES;
				GCC_WARN_UNUSED_VARIABLE = YES;
				MACOSX_DEPLOYMENT_TARGET = 10.8;
				ONLY_ACTIVE_ARCH = YES;
				SDKROOT = macosx;
			};
			name = Debug;
		};
		56993650172FB2C300596B91 /* Release */ = {
			isa = XCBuildConfiguration;
			buildSettings = {
				ALWAYS_SEARCH_USER_PATHS = NO;
				ARCHS = "$(ARCHS_STANDARD_64_BIT)";
				CLANG_CXX_LANGUAGE_STANDARD = "gnu++0x";
				CLANG_CXX_LIBRARY = "libc++";
				CLANG_WARN_CONSTANT_CONVERSION = YES;
				CLANG_WARN_EMPTY_BODY = YES;
				CLANG_WARN_ENUM_CONVERSION = YES;
				CLANG_WARN_INT_CONVERSION = YES;
				CLANG_WARN__DUPLICATE_METHOD_MATCH = YES;
				COPY_PHASE_STRIP = YES;
				DEBUG_INFORMATION_FORMAT = "dwarf-with-dsym";
				GCC_C_LANGUAGE_STANDARD = gnu99;
				GCC_ENABLE_OBJC_EXCEPTIONS = YES;
				GCC_WARN_64_TO_32_BIT_CONVERSION = YES;
				GCC_WARN_ABOUT_RETURN_TYPE = YES;
				GCC_WARN_UNINITIALIZED_AUTOS = YES;
				GCC_WARN_UNUSED_VARIABLE = YES;
				MACOSX_DEPLOYMENT_TARGET = 10.8;
				SDKROOT = macosx;
			};
			name = Release;
		};
		56993652172FB2C300596B91 /* Debug */ = {
			isa = XCBuildConfiguration;
			buildSettings = {
				PRODUCT_NAME = "$(TARGET_NAME)";
			};
			name = Debug;
		};
		56993653172FB2C300596B91 /* Release */ = {
			isa = XCBuildConfiguration;
			buildSettings = {
				PRODUCT_NAME = "$(TARGET_NAME)";
			};
			name = Release;
		};
/* End XCBuildConfiguration section */

/* Begin XCConfigurationList section */
		56993643172FB2C300596B91 /* Build configuration list for PBXProject "C_Stack" */ = {
			isa = XCConfigurationList;
			buildConfigurations = (
				5699364F172FB2C300596B91 /* Debug */,
				56993650172FB2C300596B91 /* Release */,
			);
			defaultConfigurationIsVisible = 0;
			defaultConfigurationName = Release;
		};
		56993651172FB2C300596B91 /* Build configuration list for PBXNativeTarget "C_Stack" */ = {
			isa = XCConfigurationList;
			buildConfigurations = (
				56993652172FB2C300596B91 /* Debug */,
				56993653172FB2C300596B91 /* Release */,
			);
			defaultConfigurationIsVisible = 0;
		};
/* End XCConfigurationList section */
	};
	rootObject = 56993640172FB2C300596B91 /* Project object */;
}
